
Microsoft Visual Studio Solution File, Format Version 12.00
# Visual Studio 14
VisualStudioVersion = 14.0.24720.0
MinimumVisualStudioVersion = 10.0.40219.1
Project("{FAE04EC0-301F-11D3-BF4B-00C04F79EFBC}") = "Python.Runtime", "src\runtime\Python.Runtime.csproj", "{097B4AC0-74E9-4C58-BCF8-C69746EC8271}"
EndProject
Project("{FAE04EC0-301F-11D3-BF4B-00C04F79EFBC}") = "Python.Test", "src\testing\Python.Test.csproj", "{6F401A34-273B-450F-9A4C-13550BE0767B}"
EndProject
Project("{FAE04EC0-301F-11D3-BF4B-00C04F79EFBC}") = "Python.EmbeddingTest", "src\embed_tests\Python.EmbeddingTest.csproj", "{4165C59D-2822-499F-A6DB-EACA4C331EB5}"
EndProject
Project("{FAE04EC0-301F-11D3-BF4B-00C04F79EFBC}") = "Console", "src\console\Console.csproj", "{E29DCF0A-5114-4A98-B1DD-71264B6EA349}"
EndProject
Project("{FAE04EC0-301F-11D3-BF4B-00C04F79EFBC}") = "clrmodule", "src\clrmodule\clrmodule.csproj", "{86E834DE-1139-4511-96CC-69636A56E7AC}"
EndProject
Project("{FAE04EC0-301F-11D3-BF4B-00C04F79EFBC}") = "simple_dll", "src\simple_dll\simple_dll.csproj", "{A3656CE2-A8EB-4F70-AC46-8947A0D2122A}"
EndProject
Project("{888888A0-9F3D-457C-B088-3A5042F75D52}") = "vs_proj", "vs_proj\vs_proj.pyproj", "{C1528943-96C3-478C-BD16-7A84C03DAC3E}"
EndProject
Global
	GlobalSection(SolutionConfigurationPlatforms) = preSolution
		Debug|Any CPU = Debug|Any CPU
		Debug|x64 = Debug|x64
		Debug|x86 = Debug|x86
		Debug35|Any CPU = Debug35|Any CPU
		Debug35|x64 = Debug35|x64
		Debug35|x86 = Debug35|x86
		DebugMono|Any CPU = DebugMono|Any CPU
		DebugMono|x64 = DebugMono|x64
		DebugMono|x86 = DebugMono|x86
		DebugWin|Any CPU = DebugWin|Any CPU
		DebugWin|x64 = DebugWin|x64
		DebugWin|x86 = DebugWin|x86
		Release|Any CPU = Release|Any CPU
		Release|x64 = Release|x64
		Release|x86 = Release|x86
		Release27|Any CPU = Release27|Any CPU
		Release27|x64 = Release27|x64
		Release27|x86 = Release27|x86
		Release35|Any CPU = Release35|Any CPU
		Release35|x64 = Release35|x64
		Release35|x86 = Release35|x86
		ReleaseMono|Any CPU = ReleaseMono|Any CPU
		ReleaseMono|x64 = ReleaseMono|x64
		ReleaseMono|x86 = ReleaseMono|x86
		ReleaseWin|Any CPU = ReleaseWin|Any CPU
		ReleaseWin|x64 = ReleaseWin|x64
		ReleaseWin|x86 = ReleaseWin|x86
	EndGlobalSection
	GlobalSection(ProjectConfigurationPlatforms) = postSolution
		{097B4AC0-74E9-4C58-BCF8-C69746EC8271}.Debug|Any CPU.ActiveCfg = Debug|Any CPU
		{097B4AC0-74E9-4C58-BCF8-C69746EC8271}.Debug|Any CPU.Build.0 = Debug|Any CPU
		{097B4AC0-74E9-4C58-BCF8-C69746EC8271}.Debug|x64.ActiveCfg = Debug|x64
		{097B4AC0-74E9-4C58-BCF8-C69746EC8271}.Debug|x64.Build.0 = Debug|x64
		{097B4AC0-74E9-4C58-BCF8-C69746EC8271}.Debug|x86.ActiveCfg = Debug|x86
		{097B4AC0-74E9-4C58-BCF8-C69746EC8271}.Debug|x86.Build.0 = Debug|x86
		{097B4AC0-74E9-4C58-BCF8-C69746EC8271}.Debug35|Any CPU.ActiveCfg = Debug35|Any CPU
		{097B4AC0-74E9-4C58-BCF8-C69746EC8271}.Debug35|Any CPU.Build.0 = Debug35|Any CPU
		{097B4AC0-74E9-4C58-BCF8-C69746EC8271}.Debug35|x64.ActiveCfg = Debug35|x64
		{097B4AC0-74E9-4C58-BCF8-C69746EC8271}.Debug35|x64.Build.0 = Debug35|x64
		{097B4AC0-74E9-4C58-BCF8-C69746EC8271}.Debug35|x86.ActiveCfg = Debug35|x86
		{097B4AC0-74E9-4C58-BCF8-C69746EC8271}.Debug35|x86.Build.0 = Debug35|x86
		{097B4AC0-74E9-4C58-BCF8-C69746EC8271}.DebugMono|Any CPU.ActiveCfg = DebugMono_x86|Any CPU
		{097B4AC0-74E9-4C58-BCF8-C69746EC8271}.DebugMono|Any CPU.Build.0 = DebugMono_x86|Any CPU
		{097B4AC0-74E9-4C58-BCF8-C69746EC8271}.DebugMono|x64.ActiveCfg = DebugMono_x86|x64
		{097B4AC0-74E9-4C58-BCF8-C69746EC8271}.DebugMono|x64.Build.0 = DebugMono_x86|x64
		{097B4AC0-74E9-4C58-BCF8-C69746EC8271}.DebugMono|x86.ActiveCfg = DebugMono_x86|x86
		{097B4AC0-74E9-4C58-BCF8-C69746EC8271}.DebugMono|x86.Build.0 = DebugMono_x86|x86
		{097B4AC0-74E9-4C58-BCF8-C69746EC8271}.DebugWin|Any CPU.ActiveCfg = DebugMono_x86|Any CPU
		{097B4AC0-74E9-4C58-BCF8-C69746EC8271}.DebugWin|Any CPU.Build.0 = DebugMono_x86|Any CPU
		{097B4AC0-74E9-4C58-BCF8-C69746EC8271}.DebugWin|x64.ActiveCfg = DebugMono_x86|x64
		{097B4AC0-74E9-4C58-BCF8-C69746EC8271}.DebugWin|x64.Build.0 = DebugMono_x86|x64
		{097B4AC0-74E9-4C58-BCF8-C69746EC8271}.DebugWin|x86.ActiveCfg = DebugMono_x86|x86
		{097B4AC0-74E9-4C58-BCF8-C69746EC8271}.DebugWin|x86.Build.0 = DebugMono_x86|x86
		{097B4AC0-74E9-4C58-BCF8-C69746EC8271}.Release|Any CPU.ActiveCfg = Release|Any CPU
		{097B4AC0-74E9-4C58-BCF8-C69746EC8271}.Release|Any CPU.Build.0 = Release|Any CPU
		{097B4AC0-74E9-4C58-BCF8-C69746EC8271}.Release|x64.ActiveCfg = Release|x64
		{097B4AC0-74E9-4C58-BCF8-C69746EC8271}.Release|x64.Build.0 = Release|x64
		{097B4AC0-74E9-4C58-BCF8-C69746EC8271}.Release|x86.ActiveCfg = Release|x86
		{097B4AC0-74E9-4C58-BCF8-C69746EC8271}.Release|x86.Build.0 = Release|x86
		{097B4AC0-74E9-4C58-BCF8-C69746EC8271}.Release27|Any CPU.ActiveCfg = Release27|Any CPU
		{097B4AC0-74E9-4C58-BCF8-C69746EC8271}.Release27|Any CPU.Build.0 = Release27|Any CPU
		{097B4AC0-74E9-4C58-BCF8-C69746EC8271}.Release27|x64.ActiveCfg = Release27|x64
		{097B4AC0-74E9-4C58-BCF8-C69746EC8271}.Release27|x64.Build.0 = Release27|x64
		{097B4AC0-74E9-4C58-BCF8-C69746EC8271}.Release27|x86.ActiveCfg = Release27|x86
		{097B4AC0-74E9-4C58-BCF8-C69746EC8271}.Release27|x86.Build.0 = Release27|x86
		{097B4AC0-74E9-4C58-BCF8-C69746EC8271}.Release35|Any CPU.ActiveCfg = Release35|Any CPU
		{097B4AC0-74E9-4C58-BCF8-C69746EC8271}.Release35|Any CPU.Build.0 = Release35|Any CPU
		{097B4AC0-74E9-4C58-BCF8-C69746EC8271}.Release35|x64.ActiveCfg = Release35|x64
		{097B4AC0-74E9-4C58-BCF8-C69746EC8271}.Release35|x64.Build.0 = Release35|x64
		{097B4AC0-74E9-4C58-BCF8-C69746EC8271}.Release35|x86.ActiveCfg = Release35|x86
		{097B4AC0-74E9-4C58-BCF8-C69746EC8271}.Release35|x86.Build.0 = Release35|x86
		{097B4AC0-74E9-4C58-BCF8-C69746EC8271}.ReleaseMono|Any CPU.ActiveCfg = Release|Any CPU
		{097B4AC0-74E9-4C58-BCF8-C69746EC8271}.ReleaseMono|Any CPU.Build.0 = Release|Any CPU
		{097B4AC0-74E9-4C58-BCF8-C69746EC8271}.ReleaseMono|x64.ActiveCfg = Release|x64
		{097B4AC0-74E9-4C58-BCF8-C69746EC8271}.ReleaseMono|x64.Build.0 = Release|x64
		{097B4AC0-74E9-4C58-BCF8-C69746EC8271}.ReleaseMono|x86.ActiveCfg = Release|x86
		{097B4AC0-74E9-4C58-BCF8-C69746EC8271}.ReleaseMono|x86.Build.0 = Release|x86
		{097B4AC0-74E9-4C58-BCF8-C69746EC8271}.ReleaseWin|Any CPU.ActiveCfg = Release|Any CPU
		{097B4AC0-74E9-4C58-BCF8-C69746EC8271}.ReleaseWin|Any CPU.Build.0 = Release|Any CPU
		{097B4AC0-74E9-4C58-BCF8-C69746EC8271}.ReleaseWin|x64.ActiveCfg = Release35|x64
		{097B4AC0-74E9-4C58-BCF8-C69746EC8271}.ReleaseWin|x64.Build.0 = Release35|x64
		{097B4AC0-74E9-4C58-BCF8-C69746EC8271}.ReleaseWin|x86.ActiveCfg = Release|x86
		{097B4AC0-74E9-4C58-BCF8-C69746EC8271}.ReleaseWin|x86.Build.0 = Release|x86
		{6F401A34-273B-450F-9A4C-13550BE0767B}.Debug|Any CPU.ActiveCfg = Debug|Any CPU
		{6F401A34-273B-450F-9A4C-13550BE0767B}.Debug|Any CPU.Build.0 = Debug|Any CPU
		{6F401A34-273B-450F-9A4C-13550BE0767B}.Debug|x64.ActiveCfg = Debug|x64
		{6F401A34-273B-450F-9A4C-13550BE0767B}.Debug|x64.Build.0 = Debug|x64
		{6F401A34-273B-450F-9A4C-13550BE0767B}.Debug|x86.ActiveCfg = Debug|x86
		{6F401A34-273B-450F-9A4C-13550BE0767B}.Debug|x86.Build.0 = Debug|x86
		{6F401A34-273B-450F-9A4C-13550BE0767B}.Debug35|Any CPU.ActiveCfg = Debug35|Any CPU
		{6F401A34-273B-450F-9A4C-13550BE0767B}.Debug35|Any CPU.Build.0 = Debug35|Any CPU
		{6F401A34-273B-450F-9A4C-13550BE0767B}.Debug35|x64.ActiveCfg = Debug35|x64
		{6F401A34-273B-450F-9A4C-13550BE0767B}.Debug35|x64.Build.0 = Debug35|x64
		{6F401A34-273B-450F-9A4C-13550BE0767B}.Debug35|x86.ActiveCfg = Debug35|x86
		{6F401A34-273B-450F-9A4C-13550BE0767B}.Debug35|x86.Build.0 = Debug35|x86
		{6F401A34-273B-450F-9A4C-13550BE0767B}.DebugMono|Any CPU.ActiveCfg = DebugMono_x86|Any CPU
		{6F401A34-273B-450F-9A4C-13550BE0767B}.DebugMono|Any CPU.Build.0 = DebugMono_x86|Any CPU
		{6F401A34-273B-450F-9A4C-13550BE0767B}.DebugMono|x64.ActiveCfg = Debug|x64
		{6F401A34-273B-450F-9A4C-13550BE0767B}.DebugMono|x64.Build.0 = Debug|x64
		{6F401A34-273B-450F-9A4C-13550BE0767B}.DebugMono|x86.ActiveCfg = Debug|x86
		{6F401A34-273B-450F-9A4C-13550BE0767B}.DebugMono|x86.Build.0 = Debug|x86
		{6F401A34-273B-450F-9A4C-13550BE0767B}.DebugWin|Any CPU.ActiveCfg = DebugMono_x86|Any CPU
		{6F401A34-273B-450F-9A4C-13550BE0767B}.DebugWin|Any CPU.Build.0 = DebugMono_x86|Any CPU
		{6F401A34-273B-450F-9A4C-13550BE0767B}.DebugWin|x64.ActiveCfg = Debug|x64
		{6F401A34-273B-450F-9A4C-13550BE0767B}.DebugWin|x64.Build.0 = Debug|x64
		{6F401A34-273B-450F-9A4C-13550BE0767B}.DebugWin|x86.ActiveCfg = Debug|x86
		{6F401A34-273B-450F-9A4C-13550BE0767B}.DebugWin|x86.Build.0 = Debug|x86
		{6F401A34-273B-450F-9A4C-13550BE0767B}.Release|Any CPU.ActiveCfg = Release|Any CPU
		{6F401A34-273B-450F-9A4C-13550BE0767B}.Release|Any CPU.Build.0 = Release|Any CPU
		{6F401A34-273B-450F-9A4C-13550BE0767B}.Release|x64.ActiveCfg = Release|x64
		{6F401A34-273B-450F-9A4C-13550BE0767B}.Release|x64.Build.0 = Release|x64
		{6F401A34-273B-450F-9A4C-13550BE0767B}.Release|x86.ActiveCfg = Release|x86
		{6F401A34-273B-450F-9A4C-13550BE0767B}.Release|x86.Build.0 = Release|x86
		{6F401A34-273B-450F-9A4C-13550BE0767B}.Release27|Any CPU.ActiveCfg = Release27|Any CPU
		{6F401A34-273B-450F-9A4C-13550BE0767B}.Release27|Any CPU.Build.0 = Release27|Any CPU
		{6F401A34-273B-450F-9A4C-13550BE0767B}.Release27|x64.ActiveCfg = Release27|x64
		{6F401A34-273B-450F-9A4C-13550BE0767B}.Release27|x64.Build.0 = Release27|x64
		{6F401A34-273B-450F-9A4C-13550BE0767B}.Release27|x86.ActiveCfg = Release27|x86
		{6F401A34-273B-450F-9A4C-13550BE0767B}.Release27|x86.Build.0 = Release27|x86
		{6F401A34-273B-450F-9A4C-13550BE0767B}.Release35|Any CPU.ActiveCfg = Release35|Any CPU
		{6F401A34-273B-450F-9A4C-13550BE0767B}.Release35|Any CPU.Build.0 = Release35|Any CPU
		{6F401A34-273B-450F-9A4C-13550BE0767B}.Release35|x64.ActiveCfg = Release35|x64
		{6F401A34-273B-450F-9A4C-13550BE0767B}.Release35|x64.Build.0 = Release35|x64
		{6F401A34-273B-450F-9A4C-13550BE0767B}.Release35|x86.ActiveCfg = Release35|x86
		{6F401A34-273B-450F-9A4C-13550BE0767B}.Release35|x86.Build.0 = Release35|x86
		{6F401A34-273B-450F-9A4C-13550BE0767B}.ReleaseMono|Any CPU.ActiveCfg = Release|Any CPU
		{6F401A34-273B-450F-9A4C-13550BE0767B}.ReleaseMono|Any CPU.Build.0 = Release|Any CPU
		{6F401A34-273B-450F-9A4C-13550BE0767B}.ReleaseMono|x64.ActiveCfg = Release|x64
		{6F401A34-273B-450F-9A4C-13550BE0767B}.ReleaseMono|x64.Build.0 = Release|x64
		{6F401A34-273B-450F-9A4C-13550BE0767B}.ReleaseMono|x86.ActiveCfg = Release|x86
		{6F401A34-273B-450F-9A4C-13550BE0767B}.ReleaseMono|x86.Build.0 = Release|x86
		{6F401A34-273B-450F-9A4C-13550BE0767B}.ReleaseWin|Any CPU.ActiveCfg = Release|Any CPU
		{6F401A34-273B-450F-9A4C-13550BE0767B}.ReleaseWin|Any CPU.Build.0 = Release|Any CPU
		{6F401A34-273B-450F-9A4C-13550BE0767B}.ReleaseWin|x64.ActiveCfg = Release35|x64
		{6F401A34-273B-450F-9A4C-13550BE0767B}.ReleaseWin|x64.Build.0 = Release35|x64
		{6F401A34-273B-450F-9A4C-13550BE0767B}.ReleaseWin|x86.ActiveCfg = Release|x86
		{6F401A34-273B-450F-9A4C-13550BE0767B}.ReleaseWin|x86.Build.0 = Release|x86
		{4165C59D-2822-499F-A6DB-EACA4C331EB5}.Debug|Any CPU.ActiveCfg = Debug|Any CPU
		{4165C59D-2822-499F-A6DB-EACA4C331EB5}.Debug|Any CPU.Build.0 = Debug|Any CPU
		{4165C59D-2822-499F-A6DB-EACA4C331EB5}.Debug|x64.ActiveCfg = Debug|x64
		{4165C59D-2822-499F-A6DB-EACA4C331EB5}.Debug|x64.Build.0 = Debug|x64
		{4165C59D-2822-499F-A6DB-EACA4C331EB5}.Debug|x86.ActiveCfg = Debug|x86
		{4165C59D-2822-499F-A6DB-EACA4C331EB5}.Debug|x86.Build.0 = Debug|x86
		{4165C59D-2822-499F-A6DB-EACA4C331EB5}.Debug35|Any CPU.ActiveCfg = Debug35|Any CPU
		{4165C59D-2822-499F-A6DB-EACA4C331EB5}.Debug35|Any CPU.Build.0 = Debug35|Any CPU
		{4165C59D-2822-499F-A6DB-EACA4C331EB5}.Debug35|x64.ActiveCfg = Debug35|x64
		{4165C59D-2822-499F-A6DB-EACA4C331EB5}.Debug35|x64.Build.0 = Debug35|x64
		{4165C59D-2822-499F-A6DB-EACA4C331EB5}.Debug35|x86.ActiveCfg = Debug35|x86
		{4165C59D-2822-499F-A6DB-EACA4C331EB5}.Debug35|x86.Build.0 = Debug35|x86
		{4165C59D-2822-499F-A6DB-EACA4C331EB5}.DebugMono|Any CPU.ActiveCfg = DebugMono_x86|Any CPU
		{4165C59D-2822-499F-A6DB-EACA4C331EB5}.DebugMono|Any CPU.Build.0 = DebugMono_x86|Any CPU
		{4165C59D-2822-499F-A6DB-EACA4C331EB5}.DebugMono|x64.ActiveCfg = Debug|x64
		{4165C59D-2822-499F-A6DB-EACA4C331EB5}.DebugMono|x64.Build.0 = Debug|x64
		{4165C59D-2822-499F-A6DB-EACA4C331EB5}.DebugMono|x86.ActiveCfg = Debug|x86
		{4165C59D-2822-499F-A6DB-EACA4C331EB5}.DebugMono|x86.Build.0 = Debug|x86
		{4165C59D-2822-499F-A6DB-EACA4C331EB5}.DebugWin|Any CPU.ActiveCfg = DebugMono_x86|Any CPU
		{4165C59D-2822-499F-A6DB-EACA4C331EB5}.DebugWin|Any CPU.Build.0 = DebugMono_x86|Any CPU
		{4165C59D-2822-499F-A6DB-EACA4C331EB5}.DebugWin|x64.ActiveCfg = Debug|x64
		{4165C59D-2822-499F-A6DB-EACA4C331EB5}.DebugWin|x64.Build.0 = Debug|x64
		{4165C59D-2822-499F-A6DB-EACA4C331EB5}.DebugWin|x86.ActiveCfg = Debug|x86
		{4165C59D-2822-499F-A6DB-EACA4C331EB5}.DebugWin|x86.Build.0 = Debug|x86
		{4165C59D-2822-499F-A6DB-EACA4C331EB5}.Release|Any CPU.ActiveCfg = Release|Any CPU
		{4165C59D-2822-499F-A6DB-EACA4C331EB5}.Release|Any CPU.Build.0 = Release|Any CPU
		{4165C59D-2822-499F-A6DB-EACA4C331EB5}.Release|x64.ActiveCfg = Release|x64
		{4165C59D-2822-499F-A6DB-EACA4C331EB5}.Release|x64.Build.0 = Release|x64
		{4165C59D-2822-499F-A6DB-EACA4C331EB5}.Release|x86.ActiveCfg = Release|x86
		{4165C59D-2822-499F-A6DB-EACA4C331EB5}.Release|x86.Build.0 = Release|x86
		{4165C59D-2822-499F-A6DB-EACA4C331EB5}.Release27|Any CPU.ActiveCfg = Release27|Any CPU
		{4165C59D-2822-499F-A6DB-EACA4C331EB5}.Release27|Any CPU.Build.0 = Release27|Any CPU
		{4165C59D-2822-499F-A6DB-EACA4C331EB5}.Release27|x64.ActiveCfg = Release27|x64
		{4165C59D-2822-499F-A6DB-EACA4C331EB5}.Release27|x64.Build.0 = Release27|x64
		{4165C59D-2822-499F-A6DB-EACA4C331EB5}.Release27|x86.ActiveCfg = Release27|x86
		{4165C59D-2822-499F-A6DB-EACA4C331EB5}.Release27|x86.Build.0 = Release27|x86
		{4165C59D-2822-499F-A6DB-EACA4C331EB5}.Release35|Any CPU.ActiveCfg = Release35|Any CPU
		{4165C59D-2822-499F-A6DB-EACA4C331EB5}.Release35|Any CPU.Build.0 = Release35|Any CPU
		{4165C59D-2822-499F-A6DB-EACA4C331EB5}.Release35|x64.ActiveCfg = Release35|x64
		{4165C59D-2822-499F-A6DB-EACA4C331EB5}.Release35|x64.Build.0 = Release35|x64
		{4165C59D-2822-499F-A6DB-EACA4C331EB5}.Release35|x86.ActiveCfg = Release35|x86
		{4165C59D-2822-499F-A6DB-EACA4C331EB5}.Release35|x86.Build.0 = Release35|x86
		{4165C59D-2822-499F-A6DB-EACA4C331EB5}.ReleaseMono|Any CPU.ActiveCfg = Release|Any CPU
		{4165C59D-2822-499F-A6DB-EACA4C331EB5}.ReleaseMono|Any CPU.Build.0 = Release|Any CPU
		{4165C59D-2822-499F-A6DB-EACA4C331EB5}.ReleaseMono|x64.ActiveCfg = Release|x64
		{4165C59D-2822-499F-A6DB-EACA4C331EB5}.ReleaseMono|x64.Build.0 = Release|x64
		{4165C59D-2822-499F-A6DB-EACA4C331EB5}.ReleaseMono|x86.ActiveCfg = Release|x86
		{4165C59D-2822-499F-A6DB-EACA4C331EB5}.ReleaseMono|x86.Build.0 = Release|x86
		{4165C59D-2822-499F-A6DB-EACA4C331EB5}.ReleaseWin|Any CPU.ActiveCfg = Release|Any CPU
		{4165C59D-2822-499F-A6DB-EACA4C331EB5}.ReleaseWin|Any CPU.Build.0 = Release|Any CPU
		{4165C59D-2822-499F-A6DB-EACA4C331EB5}.ReleaseWin|x64.ActiveCfg = Release35|x64
		{4165C59D-2822-499F-A6DB-EACA4C331EB5}.ReleaseWin|x64.Build.0 = Release35|x64
		{4165C59D-2822-499F-A6DB-EACA4C331EB5}.ReleaseWin|x86.ActiveCfg = Release|x86
		{4165C59D-2822-499F-A6DB-EACA4C331EB5}.ReleaseWin|x86.Build.0 = Release|x86
		{E29DCF0A-5114-4A98-B1DD-71264B6EA349}.Debug|Any CPU.ActiveCfg = Debug|Any CPU
		{E29DCF0A-5114-4A98-B1DD-71264B6EA349}.Debug|Any CPU.Build.0 = Debug|Any CPU
		{E29DCF0A-5114-4A98-B1DD-71264B6EA349}.Debug|x64.ActiveCfg = Debug|x64
		{E29DCF0A-5114-4A98-B1DD-71264B6EA349}.Debug|x64.Build.0 = Debug|x64
		{E29DCF0A-5114-4A98-B1DD-71264B6EA349}.Debug|x86.ActiveCfg = Debug|x86
		{E29DCF0A-5114-4A98-B1DD-71264B6EA349}.Debug|x86.Build.0 = Debug|x86
		{E29DCF0A-5114-4A98-B1DD-71264B6EA349}.Debug35|Any CPU.ActiveCfg = Debug35|Any CPU
		{E29DCF0A-5114-4A98-B1DD-71264B6EA349}.Debug35|Any CPU.Build.0 = Debug35|Any CPU
		{E29DCF0A-5114-4A98-B1DD-71264B6EA349}.Debug35|x64.ActiveCfg = Debug35|x64
		{E29DCF0A-5114-4A98-B1DD-71264B6EA349}.Debug35|x64.Build.0 = Debug35|x64
		{E29DCF0A-5114-4A98-B1DD-71264B6EA349}.Debug35|x86.ActiveCfg = Debug35|x86
		{E29DCF0A-5114-4A98-B1DD-71264B6EA349}.Debug35|x86.Build.0 = Debug35|x86
		{E29DCF0A-5114-4A98-B1DD-71264B6EA349}.DebugMono|Any CPU.ActiveCfg = DebugMono_x86|Any CPU
		{E29DCF0A-5114-4A98-B1DD-71264B6EA349}.DebugMono|Any CPU.Build.0 = DebugMono_x86|Any CPU
		{E29DCF0A-5114-4A98-B1DD-71264B6EA349}.DebugMono|x64.ActiveCfg = Debug|x64
		{E29DCF0A-5114-4A98-B1DD-71264B6EA349}.DebugMono|x64.Build.0 = Debug|x64
		{E29DCF0A-5114-4A98-B1DD-71264B6EA349}.DebugMono|x86.ActiveCfg = Debug|x86
		{E29DCF0A-5114-4A98-B1DD-71264B6EA349}.DebugMono|x86.Build.0 = Debug|x86
		{E29DCF0A-5114-4A98-B1DD-71264B6EA349}.DebugWin|Any CPU.ActiveCfg = DebugMono_x86|Any CPU
		{E29DCF0A-5114-4A98-B1DD-71264B6EA349}.DebugWin|Any CPU.Build.0 = DebugMono_x86|Any CPU
		{E29DCF0A-5114-4A98-B1DD-71264B6EA349}.DebugWin|x64.ActiveCfg = Debug|x64
		{E29DCF0A-5114-4A98-B1DD-71264B6EA349}.DebugWin|x64.Build.0 = Debug|x64
		{E29DCF0A-5114-4A98-B1DD-71264B6EA349}.DebugWin|x86.ActiveCfg = Debug|x86
		{E29DCF0A-5114-4A98-B1DD-71264B6EA349}.DebugWin|x86.Build.0 = Debug|x86
		{E29DCF0A-5114-4A98-B1DD-71264B6EA349}.Release|Any CPU.ActiveCfg = Release|Any CPU
		{E29DCF0A-5114-4A98-B1DD-71264B6EA349}.Release|Any CPU.Build.0 = Release|Any CPU
		{E29DCF0A-5114-4A98-B1DD-71264B6EA349}.Release|x64.ActiveCfg = Release|x64
		{E29DCF0A-5114-4A98-B1DD-71264B6EA349}.Release|x64.Build.0 = Release|x64
		{E29DCF0A-5114-4A98-B1DD-71264B6EA349}.Release|x86.ActiveCfg = Release|x86
		{E29DCF0A-5114-4A98-B1DD-71264B6EA349}.Release|x86.Build.0 = Release|x86
		{E29DCF0A-5114-4A98-B1DD-71264B6EA349}.Release27|Any CPU.ActiveCfg = Release27|Any CPU
		{E29DCF0A-5114-4A98-B1DD-71264B6EA349}.Release27|Any CPU.Build.0 = Release27|Any CPU
		{E29DCF0A-5114-4A98-B1DD-71264B6EA349}.Release27|x64.ActiveCfg = Release27|x64
		{E29DCF0A-5114-4A98-B1DD-71264B6EA349}.Release27|x64.Build.0 = Release27|x64
		{E29DCF0A-5114-4A98-B1DD-71264B6EA349}.Release27|x86.ActiveCfg = Release27|x86
		{E29DCF0A-5114-4A98-B1DD-71264B6EA349}.Release27|x86.Build.0 = Release27|x86
		{E29DCF0A-5114-4A98-B1DD-71264B6EA349}.Release35|Any CPU.ActiveCfg = Release35|Any CPU
		{E29DCF0A-5114-4A98-B1DD-71264B6EA349}.Release35|Any CPU.Build.0 = Release35|Any CPU
		{E29DCF0A-5114-4A98-B1DD-71264B6EA349}.Release35|x64.ActiveCfg = Release35|x64
		{E29DCF0A-5114-4A98-B1DD-71264B6EA349}.Release35|x64.Build.0 = Release35|x64
		{E29DCF0A-5114-4A98-B1DD-71264B6EA349}.Release35|x86.ActiveCfg = Release35|x86
		{E29DCF0A-5114-4A98-B1DD-71264B6EA349}.Release35|x86.Build.0 = Release35|x86
		{E29DCF0A-5114-4A98-B1DD-71264B6EA349}.ReleaseMono|Any CPU.ActiveCfg = Release|Any CPU
		{E29DCF0A-5114-4A98-B1DD-71264B6EA349}.ReleaseMono|Any CPU.Build.0 = Release|Any CPU
		{E29DCF0A-5114-4A98-B1DD-71264B6EA349}.ReleaseMono|x64.ActiveCfg = Release|x64
		{E29DCF0A-5114-4A98-B1DD-71264B6EA349}.ReleaseMono|x64.Build.0 = Release|x64
		{E29DCF0A-5114-4A98-B1DD-71264B6EA349}.ReleaseMono|x86.ActiveCfg = Release|x86
		{E29DCF0A-5114-4A98-B1DD-71264B6EA349}.ReleaseMono|x86.Build.0 = Release|x86
		{E29DCF0A-5114-4A98-B1DD-71264B6EA349}.ReleaseWin|Any CPU.ActiveCfg = Release|Any CPU
		{E29DCF0A-5114-4A98-B1DD-71264B6EA349}.ReleaseWin|Any CPU.Build.0 = Release|Any CPU
		{E29DCF0A-5114-4A98-B1DD-71264B6EA349}.ReleaseWin|x64.ActiveCfg = Release35|x64
		{E29DCF0A-5114-4A98-B1DD-71264B6EA349}.ReleaseWin|x64.Build.0 = Release35|x64
		{E29DCF0A-5114-4A98-B1DD-71264B6EA349}.ReleaseWin|x86.ActiveCfg = Release|x86
		{E29DCF0A-5114-4A98-B1DD-71264B6EA349}.ReleaseWin|x86.Build.0 = Release|x86
		{86E834DE-1139-4511-96CC-69636A56E7AC}.Debug|Any CPU.ActiveCfg = Debug|Any CPU
		{86E834DE-1139-4511-96CC-69636A56E7AC}.Debug|Any CPU.Build.0 = Debug|Any CPU
		{86E834DE-1139-4511-96CC-69636A56E7AC}.Debug|x64.ActiveCfg = Debug|x64
		{86E834DE-1139-4511-96CC-69636A56E7AC}.Debug|x64.Build.0 = Debug|x64
		{86E834DE-1139-4511-96CC-69636A56E7AC}.Debug|x86.ActiveCfg = Debug|x86
		{86E834DE-1139-4511-96CC-69636A56E7AC}.Debug|x86.Build.0 = Debug|x86
		{86E834DE-1139-4511-96CC-69636A56E7AC}.Debug35|Any CPU.ActiveCfg = Debug35|Any CPU
		{86E834DE-1139-4511-96CC-69636A56E7AC}.Debug35|Any CPU.Build.0 = Debug35|Any CPU
		{86E834DE-1139-4511-96CC-69636A56E7AC}.Debug35|x64.ActiveCfg = Debug35|x64
		{86E834DE-1139-4511-96CC-69636A56E7AC}.Debug35|x64.Build.0 = Debug35|x64
		{86E834DE-1139-4511-96CC-69636A56E7AC}.Debug35|x86.ActiveCfg = Debug35|x86
		{86E834DE-1139-4511-96CC-69636A56E7AC}.Debug35|x86.Build.0 = Debug35|x86
		{86E834DE-1139-4511-96CC-69636A56E7AC}.DebugMono|Any CPU.ActiveCfg = DebugMono_x86|Any CPU
		{86E834DE-1139-4511-96CC-69636A56E7AC}.DebugMono|Any CPU.Build.0 = DebugMono_x86|Any CPU
		{86E834DE-1139-4511-96CC-69636A56E7AC}.DebugMono|x64.ActiveCfg = Debug|x64
		{86E834DE-1139-4511-96CC-69636A56E7AC}.DebugMono|x64.Build.0 = Debug|x64
		{86E834DE-1139-4511-96CC-69636A56E7AC}.DebugMono|x86.ActiveCfg = Debug|x86
		{86E834DE-1139-4511-96CC-69636A56E7AC}.DebugMono|x86.Build.0 = Debug|x86
		{86E834DE-1139-4511-96CC-69636A56E7AC}.DebugWin|Any CPU.ActiveCfg = DebugMono_x86|Any CPU
		{86E834DE-1139-4511-96CC-69636A56E7AC}.DebugWin|Any CPU.Build.0 = DebugMono_x86|Any CPU
		{86E834DE-1139-4511-96CC-69636A56E7AC}.DebugWin|x64.ActiveCfg = Debug|x64
		{86E834DE-1139-4511-96CC-69636A56E7AC}.DebugWin|x64.Build.0 = Debug|x64
		{86E834DE-1139-4511-96CC-69636A56E7AC}.DebugWin|x86.ActiveCfg = Debug|x86
		{86E834DE-1139-4511-96CC-69636A56E7AC}.DebugWin|x86.Build.0 = Debug|x86
		{86E834DE-1139-4511-96CC-69636A56E7AC}.Release|Any CPU.ActiveCfg = Release|Any CPU
		{86E834DE-1139-4511-96CC-69636A56E7AC}.Release|Any CPU.Build.0 = Release|Any CPU
		{86E834DE-1139-4511-96CC-69636A56E7AC}.Release|x64.ActiveCfg = Release|x64
		{86E834DE-1139-4511-96CC-69636A56E7AC}.Release|x64.Build.0 = Release|x64
		{86E834DE-1139-4511-96CC-69636A56E7AC}.Release|x86.ActiveCfg = Release|x86
		{86E834DE-1139-4511-96CC-69636A56E7AC}.Release|x86.Build.0 = Release|x86
		{86E834DE-1139-4511-96CC-69636A56E7AC}.Release27|Any CPU.ActiveCfg = Release27|Any CPU
		{86E834DE-1139-4511-96CC-69636A56E7AC}.Release27|Any CPU.Build.0 = Release27|Any CPU
		{86E834DE-1139-4511-96CC-69636A56E7AC}.Release27|x64.ActiveCfg = Release27|x64
		{86E834DE-1139-4511-96CC-69636A56E7AC}.Release27|x64.Build.0 = Release27|x64
		{86E834DE-1139-4511-96CC-69636A56E7AC}.Release27|x86.ActiveCfg = Release27|x86
		{86E834DE-1139-4511-96CC-69636A56E7AC}.Release27|x86.Build.0 = Release27|x86
		{86E834DE-1139-4511-96CC-69636A56E7AC}.Release35|Any CPU.ActiveCfg = Release35|Any CPU
		{86E834DE-1139-4511-96CC-69636A56E7AC}.Release35|Any CPU.Build.0 = Release35|Any CPU
		{86E834DE-1139-4511-96CC-69636A56E7AC}.Release35|x64.ActiveCfg = Release35|x64
		{86E834DE-1139-4511-96CC-69636A56E7AC}.Release35|x64.Build.0 = Release35|x64
		{86E834DE-1139-4511-96CC-69636A56E7AC}.Release35|x86.ActiveCfg = Release35|x86
		{86E834DE-1139-4511-96CC-69636A56E7AC}.Release35|x86.Build.0 = Release35|x86
		{86E834DE-1139-4511-96CC-69636A56E7AC}.ReleaseMono|Any CPU.ActiveCfg = Release|Any CPU
		{86E834DE-1139-4511-96CC-69636A56E7AC}.ReleaseMono|Any CPU.Build.0 = Release|Any CPU
		{86E834DE-1139-4511-96CC-69636A56E7AC}.ReleaseMono|x64.ActiveCfg = Release|x64
		{86E834DE-1139-4511-96CC-69636A56E7AC}.ReleaseMono|x64.Build.0 = Release|x64
		{86E834DE-1139-4511-96CC-69636A56E7AC}.ReleaseMono|x86.ActiveCfg = Release|x86
		{86E834DE-1139-4511-96CC-69636A56E7AC}.ReleaseMono|x86.Build.0 = Release|x86
		{86E834DE-1139-4511-96CC-69636A56E7AC}.ReleaseWin|Any CPU.ActiveCfg = Release|Any CPU
		{86E834DE-1139-4511-96CC-69636A56E7AC}.ReleaseWin|Any CPU.Build.0 = Release|Any CPU
		{86E834DE-1139-4511-96CC-69636A56E7AC}.ReleaseWin|x64.ActiveCfg = Release35|x64
		{86E834DE-1139-4511-96CC-69636A56E7AC}.ReleaseWin|x64.Build.0 = Release35|x64
		{86E834DE-1139-4511-96CC-69636A56E7AC}.ReleaseWin|x86.ActiveCfg = Release|x86
		{86E834DE-1139-4511-96CC-69636A56E7AC}.ReleaseWin|x86.Build.0 = Release|x86
		{A3656CE2-A8EB-4F70-AC46-8947A0D2122A}.Debug|Any CPU.ActiveCfg = Debug|Any CPU
		{A3656CE2-A8EB-4F70-AC46-8947A0D2122A}.Debug|Any CPU.Build.0 = Debug|Any CPU
		{A3656CE2-A8EB-4F70-AC46-8947A0D2122A}.Debug|x64.ActiveCfg = Debug|x64
		{A3656CE2-A8EB-4F70-AC46-8947A0D2122A}.Debug|x64.Build.0 = Debug|x64
		{A3656CE2-A8EB-4F70-AC46-8947A0D2122A}.Debug|x86.ActiveCfg = Debug|x86
		{A3656CE2-A8EB-4F70-AC46-8947A0D2122A}.Debug|x86.Build.0 = Debug|x86
		{A3656CE2-A8EB-4F70-AC46-8947A0D2122A}.Debug35|Any CPU.ActiveCfg = Debug35|Any CPU
		{A3656CE2-A8EB-4F70-AC46-8947A0D2122A}.Debug35|Any CPU.Build.0 = Debug35|Any CPU
		{A3656CE2-A8EB-4F70-AC46-8947A0D2122A}.Debug35|x64.ActiveCfg = Debug35|x64
		{A3656CE2-A8EB-4F70-AC46-8947A0D2122A}.Debug35|x64.Build.0 = Debug35|x64
		{A3656CE2-A8EB-4F70-AC46-8947A0D2122A}.Debug35|x86.ActiveCfg = Debug35|x86
		{A3656CE2-A8EB-4F70-AC46-8947A0D2122A}.Debug35|x86.Build.0 = Debug35|x86
		{A3656CE2-A8EB-4F70-AC46-8947A0D2122A}.DebugMono|Any CPU.ActiveCfg = Debug|Any CPU
		{A3656CE2-A8EB-4F70-AC46-8947A0D2122A}.DebugMono|Any CPU.Build.0 = Debug|Any CPU
		{A3656CE2-A8EB-4F70-AC46-8947A0D2122A}.DebugMono|x64.ActiveCfg = Debug|x64
		{A3656CE2-A8EB-4F70-AC46-8947A0D2122A}.DebugMono|x64.Build.0 = Debug|x64
		{A3656CE2-A8EB-4F70-AC46-8947A0D2122A}.DebugMono|x86.ActiveCfg = Debug|x86
		{A3656CE2-A8EB-4F70-AC46-8947A0D2122A}.DebugMono|x86.Build.0 = Debug|x86
		{A3656CE2-A8EB-4F70-AC46-8947A0D2122A}.DebugWin|Any CPU.ActiveCfg = Debug|Any CPU
		{A3656CE2-A8EB-4F70-AC46-8947A0D2122A}.DebugWin|Any CPU.Build.0 = Debug|Any CPU
		{A3656CE2-A8EB-4F70-AC46-8947A0D2122A}.DebugWin|x64.ActiveCfg = Debug|x64
		{A3656CE2-A8EB-4F70-AC46-8947A0D2122A}.DebugWin|x64.Build.0 = Debug|x64
		{A3656CE2-A8EB-4F70-AC46-8947A0D2122A}.DebugWin|x86.ActiveCfg = Debug|x86
		{A3656CE2-A8EB-4F70-AC46-8947A0D2122A}.DebugWin|x86.Build.0 = Debug|x86
		{A3656CE2-A8EB-4F70-AC46-8947A0D2122A}.Release|Any CPU.ActiveCfg = Release|Any CPU
		{A3656CE2-A8EB-4F70-AC46-8947A0D2122A}.Release|Any CPU.Build.0 = Release|Any CPU
		{A3656CE2-A8EB-4F70-AC46-8947A0D2122A}.Release|x64.ActiveCfg = Release|x64
		{A3656CE2-A8EB-4F70-AC46-8947A0D2122A}.Release|x64.Build.0 = Release|x64
		{A3656CE2-A8EB-4F70-AC46-8947A0D2122A}.Release|x86.ActiveCfg = Release|x86
		{A3656CE2-A8EB-4F70-AC46-8947A0D2122A}.Release|x86.Build.0 = Release|x86
		{A3656CE2-A8EB-4F70-AC46-8947A0D2122A}.Release27|Any CPU.ActiveCfg = Release27|Any CPU
		{A3656CE2-A8EB-4F70-AC46-8947A0D2122A}.Release27|Any CPU.Build.0 = Release27|Any CPU
		{A3656CE2-A8EB-4F70-AC46-8947A0D2122A}.Release27|x64.ActiveCfg = Release27|x64
		{A3656CE2-A8EB-4F70-AC46-8947A0D2122A}.Release27|x64.Build.0 = Release27|x64
		{A3656CE2-A8EB-4F70-AC46-8947A0D2122A}.Release27|x86.ActiveCfg = Release27|x86
		{A3656CE2-A8EB-4F70-AC46-8947A0D2122A}.Release27|x86.Build.0 = Release27|x86
		{A3656CE2-A8EB-4F70-AC46-8947A0D2122A}.Release35|Any CPU.ActiveCfg = Release35|Any CPU
		{A3656CE2-A8EB-4F70-AC46-8947A0D2122A}.Release35|Any CPU.Build.0 = Release35|Any CPU
		{A3656CE2-A8EB-4F70-AC46-8947A0D2122A}.Release35|x64.ActiveCfg = Release35|x64
		{A3656CE2-A8EB-4F70-AC46-8947A0D2122A}.Release35|x64.Build.0 = Release35|x64
		{A3656CE2-A8EB-4F70-AC46-8947A0D2122A}.Release35|x86.ActiveCfg = Release35|x86
		{A3656CE2-A8EB-4F70-AC46-8947A0D2122A}.Release35|x86.Build.0 = Release35|x86
		{A3656CE2-A8EB-4F70-AC46-8947A0D2122A}.ReleaseMono|Any CPU.ActiveCfg = Release|Any CPU
		{A3656CE2-A8EB-4F70-AC46-8947A0D2122A}.ReleaseMono|Any CPU.Build.0 = Release|Any CPU
		{A3656CE2-A8EB-4F70-AC46-8947A0D2122A}.ReleaseMono|x64.ActiveCfg = Release|x64
		{A3656CE2-A8EB-4F70-AC46-8947A0D2122A}.ReleaseMono|x64.Build.0 = Release|x64
		{A3656CE2-A8EB-4F70-AC46-8947A0D2122A}.ReleaseMono|x86.ActiveCfg = Release|x86
		{A3656CE2-A8EB-4F70-AC46-8947A0D2122A}.ReleaseMono|x86.Build.0 = Release|x86
		{A3656CE2-A8EB-4F70-AC46-8947A0D2122A}.ReleaseWin|Any CPU.ActiveCfg = Release|Any CPU
		{A3656CE2-A8EB-4F70-AC46-8947A0D2122A}.ReleaseWin|Any CPU.Build.0 = Release|Any CPU
		{A3656CE2-A8EB-4F70-AC46-8947A0D2122A}.ReleaseWin|x64.ActiveCfg = Release35|x64
		{A3656CE2-A8EB-4F70-AC46-8947A0D2122A}.ReleaseWin|x64.Build.0 = Release35|x64
		{A3656CE2-A8EB-4F70-AC46-8947A0D2122A}.ReleaseWin|x86.ActiveCfg = Release|x86
		{A3656CE2-A8EB-4F70-AC46-8947A0D2122A}.ReleaseWin|x86.Build.0 = Release|x86
		{C1528943-96C3-478C-BD16-7A84C03DAC3E}.Debug|Any CPU.ActiveCfg = Debug|Any CPU
		{C1528943-96C3-478C-BD16-7A84C03DAC3E}.Debug|x64.ActiveCfg = Debug|Any CPU
		{C1528943-96C3-478C-BD16-7A84C03DAC3E}.Debug|x86.ActiveCfg = Debug|Any CPU
		{C1528943-96C3-478C-BD16-7A84C03DAC3E}.Debug35|Any CPU.ActiveCfg = Debug|Any CPU
		{C1528943-96C3-478C-BD16-7A84C03DAC3E}.Debug35|x64.ActiveCfg = Debug|Any CPU
		{C1528943-96C3-478C-BD16-7A84C03DAC3E}.Debug35|x86.ActiveCfg = Debug|Any CPU
		{C1528943-96C3-478C-BD16-7A84C03DAC3E}.DebugMono|Any CPU.ActiveCfg = Debug|Any CPU
		{C1528943-96C3-478C-BD16-7A84C03DAC3E}.DebugMono|x64.ActiveCfg = Debug|Any CPU
		{C1528943-96C3-478C-BD16-7A84C03DAC3E}.DebugMono|x86.ActiveCfg = Debug|Any CPU
		{C1528943-96C3-478C-BD16-7A84C03DAC3E}.DebugWin|Any CPU.ActiveCfg = Debug|Any CPU
		{C1528943-96C3-478C-BD16-7A84C03DAC3E}.DebugWin|x64.ActiveCfg = Debug|Any CPU
		{C1528943-96C3-478C-BD16-7A84C03DAC3E}.DebugWin|x86.ActiveCfg = Debug|Any CPU
		{C1528943-96C3-478C-BD16-7A84C03DAC3E}.Release|Any CPU.ActiveCfg = Release|Any CPU
		{C1528943-96C3-478C-BD16-7A84C03DAC3E}.Release|x64.ActiveCfg = Release|Any CPU
		{C1528943-96C3-478C-BD16-7A84C03DAC3E}.Release|x86.ActiveCfg = Release|Any CPU
		{C1528943-96C3-478C-BD16-7A84C03DAC3E}.Release27|Any CPU.ActiveCfg = Release|Any CPU
		{C1528943-96C3-478C-BD16-7A84C03DAC3E}.Release27|x64.ActiveCfg = Release|Any CPU
		{C1528943-96C3-478C-BD16-7A84C03DAC3E}.Release27|x86.ActiveCfg = Release|Any CPU
		{C1528943-96C3-478C-BD16-7A84C03DAC3E}.Release35|Any CPU.ActiveCfg = Release|Any CPU
		{C1528943-96C3-478C-BD16-7A84C03DAC3E}.Release35|x64.ActiveCfg = Release|Any CPU
		{C1528943-96C3-478C-BD16-7A84C03DAC3E}.Release35|x86.ActiveCfg = Release|Any CPU
		{C1528943-96C3-478C-BD16-7A84C03DAC3E}.ReleaseMono|Any CPU.ActiveCfg = Release|Any CPU
		{C1528943-96C3-478C-BD16-7A84C03DAC3E}.ReleaseMono|x64.ActiveCfg = Release|Any CPU
		{C1528943-96C3-478C-BD16-7A84C03DAC3E}.ReleaseMono|x86.ActiveCfg = Release|Any CPU
		{C1528943-96C3-478C-BD16-7A84C03DAC3E}.ReleaseWin|Any CPU.ActiveCfg = Release|Any CPU
		{C1528943-96C3-478C-BD16-7A84C03DAC3E}.ReleaseWin|x64.ActiveCfg = Release|Any CPU
		{C1528943-96C3-478C-BD16-7A84C03DAC3E}.ReleaseWin|x86.ActiveCfg = Release|Any CPU
	EndGlobalSection
	GlobalSection(SolutionProperties) = preSolution
		HideSolutionNode = FALSE
	EndGlobalSection
	GlobalSection(MonoDevelopProperties) = preSolution
		StartupItem = src\console\Console.csproj
		Policies = $0
		$0.VersionControlPolicy = $1
		$1.inheritsSet = Mono
		$0.ChangeLogPolicy = $2
		$2.UpdateMode = None
		$2.MessageStyle = $3
		$3.LineAlign = 0
		$2.inheritsSet = Mono
	EndGlobalSection
EndGlobal
